// !$*UTF8*$!
{
	archiveVersion = 1;
	classes = {
	};
	objectVersion = 77;
	objects = {

/* Begin PBXBuildFile section */
		9FF151F12F5D80350025CED2 /* DeviceRegistry.swift in Sources */ = {isa = PBXBuildFile; fileRef = 9FF151E52F5D80350025CED2 /* DeviceRegistry.swift */; };
		9FF151F22F5D80350025CED2 /* DeviceSidebarView.swift in Sources */ = {isa = PBXBuildFile; fileRef = 9FF151E82F5D80350025CED2 /* DeviceSidebarView.swift */; };
		9FF151F32F5D80350025CED2 /* LocationCoordinate.swift in Sources */ = {isa = PBXBuildFile; fileRef = 9FF151E02F5D80350025CED2 /* LocationCoordinate.swift */; };
		9FF151F42F5D80350025CED2 /* USBDeviceLocationService.swift in Sources */ = {isa = PBXBuildFile; fileRef = 9FF151DA2F5D80350025CED2 /* USBDeviceLocationService.swift */; };
		9FF151F52F5D80350025CED2 /* CommandRunner.swift in Sources */ = {isa = PBXBuildFile; fileRef = 9FF151E42F5D80350025CED2 /* CommandRunner.swift */; };
		9FF151F62F5D80350025CED2 /* TeleportApp.swift in Sources */ = {isa = PBXBuildFile; fileRef = 9FF151D82F5D80350025CED2 /* TeleportApp.swift */; };
		9FF151F72F5D80350025CED2 /* SimulatorLocationService.swift in Sources */ = {isa = PBXBuildFile; fileRef = 9FF151DC2F5D80350025CED2 /* SimulatorLocationService.swift */; };
		9FF151F82F5D80350025CED2 /* MapWorkspaceView.swift in Sources */ = {isa = PBXBuildFile; fileRef = 9FF151EA2F5D80350025CED2 /* MapWorkspaceView.swift */; };
		9FF151F92F5D80350025CED2 /* InspectorPanelView.swift in Sources */ = {isa = PBXBuildFile; fileRef = 9FF151E92F5D80350025CED2 /* InspectorPanelView.swift */; };
		9FF151FA2F5D80350025CED2 /* Device.swift in Sources */ = {isa = PBXBuildFile; fileRef = 9FF151DF2F5D80350025CED2 /* Device.swift */; };
		9FF151FA2F5D80350025CED3 /* RouteModels.swift in Sources */ = {isa = PBXBuildFile; fileRef = 9FF151DF2F5D80350025CED3 /* RouteModels.swift */; };
		9FF151FB2F5D80350025CED2 /* SimulationState.swift in Sources */ = {isa = PBXBuildFile; fileRef = 9FF151E12F5D80350025CED2 /* SimulationState.swift */; };
		9FF151FC2F5D80350025CED2 /* AppViewModel.swift in Sources */ = {isa = PBXBuildFile; fileRef = 9FF151ED2F5D80350025CED2 /* AppViewModel.swift */; };
		9FF151FD2F5D80350025CED2 /* LocationSimulationService.swift in Sources */ = {isa = PBXBuildFile; fileRef = 9FF151E62F5D80350025CED2 /* LocationSimulationService.swift */; };
		9FF152002F5D80350025CED2 /* MapWorkspaceComponents.swift in Sources */ = {isa = PBXBuildFile; fileRef = 9FF151FE2F5D80350025CED2 /* MapWorkspaceComponents.swift */; };
		9FF152012F5D80350025CED2 /* MapWorkspaceSearchSupport.swift in Sources */ = {isa = PBXBuildFile; fileRef = 9FF151FF2F5D80350025CED2 /* MapWorkspaceSearchSupport.swift */; };
		9FF152042F5D80350025CED2 /* InspectorPanelSections.swift in Sources */ = {isa = PBXBuildFile; fileRef = 9FF152022F5D80350025CED2 /* InspectorPanelSections.swift */; };
		9FF152052F5D80350025CED2 /* InspectorPanelSupportViews.swift in Sources */ = {isa = PBXBuildFile; fileRef = 9FF152032F5D80350025CED2 /* InspectorPanelSupportViews.swift */; };
		A1B2C3D42F5E90010025CED2 /* USBDeviceLocationSupport.swift in Sources */ = {isa = PBXBuildFile; fileRef = A1B2C3D32F5E90010025CED2 /* USBDeviceLocationSupport.swift */; };
		A7B8C9D02F5F11010025CED2 /* TeleportStrings.swift in Sources */ = {isa = PBXBuildFile; fileRef = A7B8C9CE2F5F11010025CED2 /* TeleportStrings.swift */; };
		A7B8C9D12F5F11010025CED2 /* UserFacingText.swift in Sources */ = {isa = PBXBuildFile; fileRef = A7B8C9CF2F5F11010025CED2 /* UserFacingText.swift */; };
		B2C3D4E52F5EA0010025CED2 /* AppViewModelSupport.swift in Sources */ = {isa = PBXBuildFile; fileRef = B2C3D4E32F5EA0010025CED2 /* AppViewModelSupport.swift */; };
		B2C3D4E62F5EA0010025CED2 /* AppViewModel+Operations.swift in Sources */ = {isa = PBXBuildFile; fileRef = B2C3D4E42F5EA0010025CED2 /* AppViewModel+Operations.swift */; };
		C1D2E3F42F7001010025CED2 /* USBDeviceHelperScripts.swift in Sources */ = {isa = PBXBuildFile; fileRef = C1D2E3F32F7001010025CED2 /* USBDeviceHelperScripts.swift */; };
		C4D5E6F82F6A20010025CED2 /* GPXRouteParser.swift in Sources */ = {isa = PBXBuildFile; fileRef = C4D5E6F72F6A20010025CED2 /* GPXRouteParser.swift */; };
		D1E2F3122F7000010025CED2 /* AppViewModel+Movement.swift in Sources */ = {isa = PBXBuildFile; fileRef = D1E2F3112F7000010025CED2 /* AppViewModel+Movement.swift */; };
		D1E2F3222F7000010025CED2 /* AppViewModel+RoutePlayback.swift in Sources */ = {isa = PBXBuildFile; fileRef = D1E2F3212F7000010025CED2 /* AppViewModel+RoutePlayback.swift */; };
		D1E2F3322F7000010025CED2 /* InspectorActionsSectionView.swift in Sources */ = {isa = PBXBuildFile; fileRef = D1E2F3312F7000010025CED2 /* InspectorActionsSectionView.swift */; };
		D1E2F3422F7000010025CED2 /* InspectorRouteSectionView.swift in Sources */ = {isa = PBXBuildFile; fileRef = D1E2F3412F7000010025CED2 /* InspectorRouteSectionView.swift */; };
		E2F3A4122F7002010025CED2 /* USBDeviceSimulationRunner.swift in Sources */ = {isa = PBXBuildFile; fileRef = E2F3A4112F7002010025CED2 /* USBDeviceSimulationRunner.swift */; };
		F1A100012F7100010025CED2 /* AppViewModel+RouteBuilder.swift in Sources */ = {isa = PBXBuildFile; fileRef = F1A100002F7100010025CED2 /* AppViewModel+RouteBuilder.swift */; };
		F1A100032F7100010025CED2 /* AppViewModel+SavedRoutes.swift in Sources */ = {isa = PBXBuildFile; fileRef = F1A100022F7100010025CED2 /* AppViewModel+SavedRoutes.swift */; };
		F1A100052F7100010025CED2 /* InspectorRouteSectionControls.swift in Sources */ = {isa = PBXBuildFile; fileRef = F1A100042F7100010025CED2 /* InspectorRouteSectionControls.swift */; };
		F1A100072F7100010025CED2 /* InspectorRouteSectionContent.swift in Sources */ = {isa = PBXBuildFile; fileRef = F1A100062F7100010025CED2 /* InspectorRouteSectionContent.swift */; };
		F2A200012F7200010025CED2 /* SavedLocation.swift in Sources */ = {isa = PBXBuildFile; fileRef = F2A200002F7200010025CED2 /* SavedLocation.swift */; };
		F2A200032F7200010025CED2 /* AppViewModel+SavedLocations.swift in Sources */ = {isa = PBXBuildFile; fileRef = F2A200022F7200010025CED2 /* AppViewModel+SavedLocations.swift */; };
/* End PBXBuildFile section */

/* Begin PBXFileReference section */
		9FF14F6E2F5D7D6C0025CED2 /* Teleport.app */ = {isa = PBXFileReference; explicitFileType = wrapper.application; includeInIndex = 0; path = Teleport.app; sourceTree = BUILT_PRODUCTS_DIR; };
		9FF151D82F5D80350025CED2 /* TeleportApp.swift */ = {isa = PBXFileReference; lastKnownFileType = sourcecode.swift; path = TeleportApp.swift; sourceTree = "<group>"; };
		9FF151DA2F5D80350025CED2 /* USBDeviceLocationService.swift */ = {isa = PBXFileReference; lastKnownFileType = sourcecode.swift; path = USBDeviceLocationService.swift; sourceTree = "<group>"; };
		9FF151DC2F5D80350025CED2 /* SimulatorLocationService.swift */ = {isa = PBXFileReference; lastKnownFileType = sourcecode.swift; path = SimulatorLocationService.swift; sourceTree = "<group>"; };
		9FF151DF2F5D80350025CED2 /* Device.swift */ = {isa = PBXFileReference; lastKnownFileType = sourcecode.swift; path = Device.swift; sourceTree = "<group>"; };
		9FF151DF2F5D80350025CED3 /* RouteModels.swift */ = {isa = PBXFileReference; lastKnownFileType = sourcecode.swift; path = RouteModels.swift; sourceTree = "<group>"; };
		9FF151E02F5D80350025CED2 /* LocationCoordinate.swift */ = {isa = PBXFileReference; lastKnownFileType = sourcecode.swift; path = LocationCoordinate.swift; sourceTree = "<group>"; };
		9FF151E12F5D80350025CED2 /* SimulationState.swift */ = {isa = PBXFileReference; lastKnownFileType = sourcecode.swift; path = SimulationState.swift; sourceTree = "<group>"; };
		9FF151E42F5D80350025CED2 /* CommandRunner.swift */ = {isa = PBXFileReference; lastKnownFileType = sourcecode.swift; path = CommandRunner.swift; sourceTree = "<group>"; };
		9FF151E52F5D80350025CED2 /* DeviceRegistry.swift */ = {isa = PBXFileReference; lastKnownFileType = sourcecode.swift; path = DeviceRegistry.swift; sourceTree = "<group>"; };
		9FF151E62F5D80350025CED2 /* LocationSimulationService.swift */ = {isa = PBXFileReference; lastKnownFileType = sourcecode.swift; path = LocationSimulationService.swift; sourceTree = "<group>"; };
		9FF151E82F5D80350025CED2 /* DeviceSidebarView.swift */ = {isa = PBXFileReference; lastKnownFileType = sourcecode.swift; path = DeviceSidebarView.swift; sourceTree = "<group>"; };
		9FF151E92F5D80350025CED2 /* InspectorPanelView.swift */ = {isa = PBXFileReference; lastKnownFileType = sourcecode.swift; path = InspectorPanelView.swift; sourceTree = "<group>"; };
		9FF151EA2F5D80350025CED2 /* MapWorkspaceView.swift */ = {isa = PBXFileReference; lastKnownFileType = sourcecode.swift; path = MapWorkspaceView.swift; sourceTree = "<group>"; };
		9FF151ED2F5D80350025CED2 /* AppViewModel.swift */ = {isa = PBXFileReference; lastKnownFileType = sourcecode.swift; path = AppViewModel.swift; sourceTree = "<group>"; };
		9FF151FE2F5D80350025CED2 /* MapWorkspaceComponents.swift */ = {isa = PBXFileReference; lastKnownFileType = sourcecode.swift; path = MapWorkspaceComponents.swift; sourceTree = "<group>"; };
		9FF151FF2F5D80350025CED2 /* MapWorkspaceSearchSupport.swift */ = {isa = PBXFileReference; lastKnownFileType = sourcecode.swift; path = MapWorkspaceSearchSupport.swift; sourceTree = "<group>"; };
		9FF152022F5D80350025CED2 /* InspectorPanelSections.swift */ = {isa = PBXFileReference; lastKnownFileType = sourcecode.swift; path = InspectorPanelSections.swift; sourceTree = "<group>"; };
		9FF152032F5D80350025CED2 /* InspectorPanelSupportViews.swift */ = {isa = PBXFileReference; lastKnownFileType = sourcecode.swift; path = InspectorPanelSupportViews.swift; sourceTree = "<group>"; };
		A1B2C3D32F5E90010025CED2 /* USBDeviceLocationSupport.swift */ = {isa = PBXFileReference; lastKnownFileType = sourcecode.swift; path = USBDeviceLocationSupport.swift; sourceTree = "<group>"; };
		A7B8C9CE2F5F11010025CED2 /* TeleportStrings.swift */ = {isa = PBXFileReference; lastKnownFileType = sourcecode.swift; path = TeleportStrings.swift; sourceTree = "<group>"; };
		A7B8C9CF2F5F11010025CED2 /* UserFacingText.swift */ = {isa = PBXFileReference; lastKnownFileType = sourcecode.swift; path = UserFacingText.swift; sourceTree = "<group>"; };
		B2C3D4E32F5EA0010025CED2 /* AppViewModelSupport.swift */ = {isa = PBXFileReference; lastKnownFileType = sourcecode.swift; path = AppViewModelSupport.swift; sourceTree = "<group>"; };
		B2C3D4E42F5EA0010025CED2 /* AppViewModel+Operations.swift */ = {isa = PBXFileReference; lastKnownFileType = sourcecode.swift; path = "AppViewModel+Operations.swift"; sourceTree = "<group>"; };
		C1D2E3F32F7001010025CED2 /* USBDeviceHelperScripts.swift */ = {isa = PBXFileReference; lastKnownFileType = sourcecode.swift; path = USBDeviceHelperScripts.swift; sourceTree = "<group>"; };
		C4D5E6F72F6A20010025CED2 /* GPXRouteParser.swift */ = {isa = PBXFileReference; lastKnownFileType = sourcecode.swift; path = GPXRouteParser.swift; sourceTree = "<group>"; };
		D1E2F3112F7000010025CED2 /* AppViewModel+Movement.swift */ = {isa = PBXFileReference; lastKnownFileType = sourcecode.swift; path = "AppViewModel+Movement.swift"; sourceTree = "<group>"; };
		D1E2F3212F7000010025CED2 /* AppViewModel+RoutePlayback.swift */ = {isa = PBXFileReference; lastKnownFileType = sourcecode.swift; path = "AppViewModel+RoutePlayback.swift"; sourceTree = "<group>"; };
		D1E2F3312F7000010025CED2 /* InspectorActionsSectionView.swift */ = {isa = PBXFileReference; lastKnownFileType = sourcecode.swift; path = InspectorActionsSectionView.swift; sourceTree = "<group>"; };
		D1E2F3412F7000010025CED2 /* InspectorRouteSectionView.swift */ = {isa = PBXFileReference; lastKnownFileType = sourcecode.swift; path = InspectorRouteSectionView.swift; sourceTree = "<group>"; };
		E2F3A4112F7002010025CED2 /* USBDeviceSimulationRunner.swift */ = {isa = PBXFileReference; lastKnownFileType = sourcecode.swift; path = USBDeviceSimulationRunner.swift; sourceTree = "<group>"; };
		F1A100002F7100010025CED2 /* AppViewModel+RouteBuilder.swift */ = {isa = PBXFileReference; lastKnownFileType = sourcecode.swift; path = "AppViewModel+RouteBuilder.swift"; sourceTree = "<group>"; };
		F1A100022F7100010025CED2 /* AppViewModel+SavedRoutes.swift */ = {isa = PBXFileReference; lastKnownFileType = sourcecode.swift; path = "AppViewModel+SavedRoutes.swift"; sourceTree = "<group>"; };
		F1A100042F7100010025CED2 /* InspectorRouteSectionControls.swift */ = {isa = PBXFileReference; lastKnownFileType = sourcecode.swift; path = InspectorRouteSectionControls.swift; sourceTree = "<group>"; };
		F1A100062F7100010025CED2 /* InspectorRouteSectionContent.swift */ = {isa = PBXFileReference; lastKnownFileType = sourcecode.swift; path = InspectorRouteSectionContent.swift; sourceTree = "<group>"; };
		F2A200002F7200010025CED2 /* SavedLocation.swift */ = {isa = PBXFileReference; lastKnownFileType = sourcecode.swift; path = SavedLocation.swift; sourceTree = "<group>"; };
		F2A200022F7200010025CED2 /* AppViewModel+SavedLocations.swift */ = {isa = PBXFileReference; lastKnownFileType = sourcecode.swift; path = "AppViewModel+SavedLocations.swift"; sourceTree = "<group>"; };
/* End PBXFileReference section */

/* Begin PBXFileSystemSynchronizedBuildFileExceptionSet section */
		9FE2289F2F5DBF7D002B9B08 /* Exceptions for "Resources" folder in "Teleport" target */ = {
			isa = PBXFileSystemSynchronizedBuildFileExceptionSet;
			membershipExceptions = (
				Assets.xcassets,
				Localizable.xcstrings,
			);
			target = 9FF14F6D2F5D7D6C0025CED2 /* Teleport */;
		};
/* End PBXFileSystemSynchronizedBuildFileExceptionSet section */

/* Begin PBXFileSystemSynchronizedRootGroup section */
		9FE2289D2F5DBDF9002B9B08 /* Resources */ = {
			isa = PBXFileSystemSynchronizedRootGroup;
			exceptions = (
				9FE2289F2F5DBF7D002B9B08 /* Exceptions for "Resources" folder in "Teleport" target */,
			);
			path = Resources;
			sourceTree = "<group>";
		};
/* End PBXFileSystemSynchronizedRootGroup section */

/* Begin PBXFrameworksBuildPhase section */
		9FF14F6B2F5D7D6C0025CED2 /* Frameworks */ = {
			isa = PBXFrameworksBuildPhase;
			buildActionMask = 2147483647;
			files = (
			);
			runOnlyForDeploymentPostprocessing = 0;
		};
/* End PBXFrameworksBuildPhase section */

/* Begin PBXGroup section */
		9FF14F652F5D7D6C0025CED2 = {
			isa = PBXGroup;
			children = (
				9FE2289D2F5DBDF9002B9B08 /* Resources */,
				9FF151F02F5D80350025CED2 /* Sources */,
				9FF14F6F2F5D7D6C0025CED2 /* Products */,
			);
			sourceTree = "<group>";
		};
		9FF14F6F2F5D7D6C0025CED2 /* Products */ = {
			isa = PBXGroup;
			children = (
				9FF14F6E2F5D7D6C0025CED2 /* Teleport.app */,
			);
			name = Products;
			sourceTree = "<group>";
		};
		9FF151D92F5D80350025CED2 /* App */ = {
			isa = PBXGroup;
			children = (
				9FF151D82F5D80350025CED2 /* TeleportApp.swift */,
				A7B8C9CE2F5F11010025CED2 /* TeleportStrings.swift */,
				A7B8C9CF2F5F11010025CED2 /* UserFacingText.swift */,
			);
			path = App;
			sourceTree = "<group>";
		};
		9FF151DB2F5D80350025CED2 /* RealDevice */ = {
			isa = PBXGroup;
			children = (
				C1D2E3F32F7001010025CED2 /* USBDeviceHelperScripts.swift */,
				9FF151DA2F5D80350025CED2 /* USBDeviceLocationService.swift */,
				E2F3A4112F7002010025CED2 /* USBDeviceSimulationRunner.swift */,
				A1B2C3D32F5E90010025CED2 /* USBDeviceLocationSupport.swift */,
			);
			path = RealDevice;
			sourceTree = "<group>";
		};
		9FF151DD2F5D80350025CED2 /* Simulator */ = {
			isa = PBXGroup;
			children = (
				9FF151DC2F5D80350025CED2 /* SimulatorLocationService.swift */,
			);
			path = Simulator;
			sourceTree = "<group>";
		};
		9FF151DE2F5D80350025CED2 /* Backends */ = {
			isa = PBXGroup;
			children = (
				9FF151DB2F5D80350025CED2 /* RealDevice */,
				9FF151DD2F5D80350025CED2 /* Simulator */,
			);
			path = Backends;
			sourceTree = "<group>";
		};
		9FF151E22F5D80350025CED2 /* Models */ = {
			isa = PBXGroup;
			children = (
				9FF151DF2F5D80350025CED2 /* Device.swift */,
				9FF151DF2F5D80350025CED3 /* RouteModels.swift */,
				F2A200002F7200010025CED2 /* SavedLocation.swift */,
				9FF151E02F5D80350025CED2 /* LocationCoordinate.swift */,
				9FF151E12F5D80350025CED2 /* SimulationState.swift */,
			);
			path = Models;
			sourceTree = "<group>";
		};
		9FF151E32F5D80350025CED2 /* Domain */ = {
			isa = PBXGroup;
			children = (
				9FF151E22F5D80350025CED2 /* Models */,
			);
			path = Domain;
			sourceTree = "<group>";
		};
		9FF151E72F5D80350025CED2 /* Services */ = {
			isa = PBXGroup;
			children = (
				9FF151E42F5D80350025CED2 /* CommandRunner.swift */,
				9FF151E52F5D80350025CED2 /* DeviceRegistry.swift */,
				C4D5E6F72F6A20010025CED2 /* GPXRouteParser.swift */,
				9FF151E62F5D80350025CED2 /* LocationSimulationService.swift */,
			);
			path = Services;
			sourceTree = "<group>";
		};
		9FF151EB2F5D80350025CED2 /* Views */ = {
			isa = PBXGroup;
			children = (
				9FF151E82F5D80350025CED2 /* DeviceSidebarView.swift */,
				D1E2F3312F7000010025CED2 /* InspectorActionsSectionView.swift */,
				9FF152022F5D80350025CED2 /* InspectorPanelSections.swift */,
				9FF151E92F5D80350025CED2 /* InspectorPanelView.swift */,
				9FF152032F5D80350025CED2 /* InspectorPanelSupportViews.swift */,
				F1A100042F7100010025CED2 /* InspectorRouteSectionControls.swift */,
				F1A100062F7100010025CED2 /* InspectorRouteSectionContent.swift */,
				D1E2F3412F7000010025CED2 /* InspectorRouteSectionView.swift */,
				9FF151FE2F5D80350025CED2 /* MapWorkspaceComponents.swift */,
				9FF151FF2F5D80350025CED2 /* MapWorkspaceSearchSupport.swift */,
				9FF151EA2F5D80350025CED2 /* MapWorkspaceView.swift */,
			);
			path = Views;
			sourceTree = "<group>";
		};
		9FF151EC2F5D80350025CED2 /* UI */ = {
			isa = PBXGroup;
			children = (
				9FF151EB2F5D80350025CED2 /* Views */,
			);
			path = UI;
			sourceTree = "<group>";
		};
		9FF151EE2F5D80350025CED2 /* ViewModels */ = {
			isa = PBXGroup;
			children = (
				9FF151ED2F5D80350025CED2 /* AppViewModel.swift */,
				D1E2F3112F7000010025CED2 /* AppViewModel+Movement.swift */,
				B2C3D4E32F5EA0010025CED2 /* AppViewModelSupport.swift */,
				B2C3D4E42F5EA0010025CED2 /* AppViewModel+Operations.swift */,
				F1A100002F7100010025CED2 /* AppViewModel+RouteBuilder.swift */,
				D1E2F3212F7000010025CED2 /* AppViewModel+RoutePlayback.swift */,
				F2A200022F7200010025CED2 /* AppViewModel+SavedLocations.swift */,
				F1A100022F7100010025CED2 /* AppViewModel+SavedRoutes.swift */,
			);
			path = ViewModels;
			sourceTree = "<group>";
		};
		9FF151EF2F5D80350025CED2 /* Teleport */ = {
			isa = PBXGroup;
			children = (
				9FF151D92F5D80350025CED2 /* App */,
				9FF151DE2F5D80350025CED2 /* Backends */,
				9FF151E32F5D80350025CED2 /* Domain */,
				9FF151E72F5D80350025CED2 /* Services */,
				9FF151EC2F5D80350025CED2 /* UI */,
				9FF151EE2F5D80350025CED2 /* ViewModels */,
			);
			path = Teleport;
			sourceTree = "<group>";
		};
		9FF151F02F5D80350025CED2 /* Sources */ = {
			isa = PBXGroup;
			children = (
				9FF151EF2F5D80350025CED2 /* Teleport */,
			);
			path = Sources;
			sourceTree = "<group>";
		};
/* End PBXGroup section */

/* Begin PBXNativeTarget section */
		9FF14F6D2F5D7D6C0025CED2 /* Teleport */ = {
			isa = PBXNativeTarget;
			buildConfigurationList = 9FF14F792F5D7D6D0025CED2 /* Build configuration list for PBXNativeTarget "Teleport" */;
			buildPhases = (
				9FF14F6A2F5D7D6C0025CED2 /* Sources */,
				9FF14F6B2F5D7D6C0025CED2 /* Frameworks */,
				9FF14F6C2F5D7D6C0025CED2 /* Resources */,
			);
			buildRules = (
			);
			dependencies = (
			);
			name = Teleport;
			packageProductDependencies = (
			);
			productName = Teleport;
			productReference = 9FF14F6E2F5D7D6C0025CED2 /* Teleport.app */;
			productType = "com.apple.product-type.application";
		};
/* End PBXNativeTarget section */

/* Begin PBXProject section */
		9FF14F662F5D7D6C0025CED2 /* Project object */ = {
			isa = PBXProject;
			attributes = {
				BuildIndependentTargetsInParallel = 1;
				LastSwiftUpdateCheck = 2630;
				LastUpgradeCheck = 2640;
				TargetAttributes = {
					9FF14F6D2F5D7D6C0025CED2 = {
						CreatedOnToolsVersion = 26.3;
					};
				};
			};
			buildConfigurationList = 9FF14F692F5D7D6C0025CED2 /* Build configuration list for PBXProject "Teleport" */;
			developmentRegion = en;
			hasScannedForEncodings = 0;
			knownRegions = (
				en,
				Base,
				"zh-Hans",
			);
			mainGroup = 9FF14F652F5D7D6C0025CED2;
			minimizedProjectReferenceProxies = 1;
			preferredProjectObjectVersion = 77;
			productRefGroup = 9FF14F6F2F5D7D6C0025CED2 /* Products */;
			projectDirPath = "";
			projectRoot = "";
			targets = (
				9FF14F6D2F5D7D6C0025CED2 /* Teleport */,
			);
		};
/* End PBXProject section */

/* Begin PBXResourcesBuildPhase section */
		9FF14F6C2F5D7D6C0025CED2 /* Resources */ = {
			isa = PBXResourcesBuildPhase;
			buildActionMask = 2147483647;
			files = (
			);
			runOnlyForDeploymentPostprocessing = 0;
		};
/* End PBXResourcesBuildPhase section */

/* Begin PBXSourcesBuildPhase section */
		9FF14F6A2F5D7D6C0025CED2 /* Sources */ = {
			isa = PBXSourcesBuildPhase;
			buildActionMask = 2147483647;
			files = (
				9FF151F12F5D80350025CED2 /* DeviceRegistry.swift in Sources */,
				9FF151F22F5D80350025CED2 /* DeviceSidebarView.swift in Sources */,
				9FF151F32F5D80350025CED2 /* LocationCoordinate.swift in Sources */,
				9FF151F42F5D80350025CED2 /* USBDeviceLocationService.swift in Sources */,
				C1D2E3F42F7001010025CED2 /* USBDeviceHelperScripts.swift in Sources */,
				E2F3A4122F7002010025CED2 /* USBDeviceSimulationRunner.swift in Sources */,
				A1B2C3D42F5E90010025CED2 /* USBDeviceLocationSupport.swift in Sources */,
				9FF151F52F5D80350025CED2 /* CommandRunner.swift in Sources */,
				9FF151F62F5D80350025CED2 /* TeleportApp.swift in Sources */,
				A7B8C9D02F5F11010025CED2 /* TeleportStrings.swift in Sources */,
				A7B8C9D12F5F11010025CED2 /* UserFacingText.swift in Sources */,
				9FF151F72F5D80350025CED2 /* SimulatorLocationService.swift in Sources */,
				9FF152042F5D80350025CED2 /* InspectorPanelSections.swift in Sources */,
				9FF151F82F5D80350025CED2 /* MapWorkspaceView.swift in Sources */,
				9FF151F92F5D80350025CED2 /* InspectorPanelView.swift in Sources */,
				9FF152052F5D80350025CED2 /* InspectorPanelSupportViews.swift in Sources */,
				9FF151FA2F5D80350025CED2 /* Device.swift in Sources */,
				9FF151FA2F5D80350025CED3 /* RouteModels.swift in Sources */,
				F2A200012F7200010025CED2 /* SavedLocation.swift in Sources */,
				9FF151FB2F5D80350025CED2 /* SimulationState.swift in Sources */,
				9FF151FC2F5D80350025CED2 /* AppViewModel.swift in Sources */,
				D1E2F3122F7000010025CED2 /* AppViewModel+Movement.swift in Sources */,
				B2C3D4E52F5EA0010025CED2 /* AppViewModelSupport.swift in Sources */,
				B2C3D4E62F5EA0010025CED2 /* AppViewModel+Operations.swift in Sources */,
				F1A100012F7100010025CED2 /* AppViewModel+RouteBuilder.swift in Sources */,
				D1E2F3222F7000010025CED2 /* AppViewModel+RoutePlayback.swift in Sources */,
				F2A200032F7200010025CED2 /* AppViewModel+SavedLocations.swift in Sources */,
				F1A100032F7100010025CED2 /* AppViewModel+SavedRoutes.swift in Sources */,
				C4D5E6F82F6A20010025CED2 /* GPXRouteParser.swift in Sources */,
				9FF151FD2F5D80350025CED2 /* LocationSimulationService.swift in Sources */,
				D1E2F3322F7000010025CED2 /* InspectorActionsSectionView.swift in Sources */,
				F1A100052F7100010025CED2 /* InspectorRouteSectionControls.swift in Sources */,
				F1A100072F7100010025CED2 /* InspectorRouteSectionContent.swift in Sources */,
				9FF152002F5D80350025CED2 /* MapWorkspaceComponents.swift in Sources */,
				9FF152012F5D80350025CED2 /* MapWorkspaceSearchSupport.swift in Sources */,
				D1E2F3422F7000010025CED2 /* InspectorRouteSectionView.swift in Sources */,
			);
			runOnlyForDeploymentPostprocessing = 0;
		};
/* End PBXSourcesBuildPhase section */

/* Begin XCBuildConfiguration section */
		9FF14F772F5D7D6D0025CED2 /* Debug */ = {
			isa = XCBuildConfiguration;
			buildSettings = {
				ALWAYS_SEARCH_USER_PATHS = NO;
				ASSETCATALOG_COMPILER_GENERATE_SWIFT_ASSET_SYMBOL_EXTENSIONS = YES;
				CLANG_ANALYZER_LOCALIZABILITY_NONLOCALIZED = YES;
				CLANG_ANALYZER_NONNULL = YES;
				CLANG_ANALYZER_NUMBER_OBJECT_CONVERSION = YES_AGGRESSIVE;
				CLANG_CXX_LANGUAGE_STANDARD = "gnu++20";
				CLANG_ENABLE_MODULES = YES;
				CLANG_ENABLE_OBJC_ARC = YES;
				CLANG_ENABLE_OBJC_WEAK = YES;
				CLANG_WARN_BLOCK_CAPTURE_AUTORELEASING = YES;
				CLANG_WARN_BOOL_CONVERSION = YES;
				CLANG_WARN_COMMA = YES;
				CLANG_WARN_CONSTANT_CONVERSION = YES;
				CLANG_WARN_DEPRECATED_OBJC_IMPLEMENTATIONS = YES;
				CLANG_WARN_DIRECT_OBJC_ISA_USAGE = YES_ERROR;
				CLANG_WARN_DOCUMENTATION_COMMENTS = YES;
				CLANG_WARN_EMPTY_BODY = YES;
				CLANG_WARN_ENUM_CONVERSION = YES;
				CLANG_WARN_INFINITE_RECURSION = YES;
				CLANG_WARN_INT_CONVERSION = YES;
				CLANG_WARN_NON_LITERAL_NULL_CONVERSION = YES;
				CLANG_WARN_OBJC_IMPLICIT_RETAIN_SELF = YES;
				CLANG_WARN_OBJC_LITERAL_CONVERSION = YES;
				CLANG_WARN_OBJC_ROOT_CLASS = YES_ERROR;
				CLANG_WARN_QUOTED_INCLUDE_IN_FRAMEWORK_HEADER = YES;
				CLANG_WARN_RANGE_LOOP_ANALYSIS = YES;
				CLANG_WARN_STRICT_PROTOTYPES = YES;
				CLANG_WARN_SUSPICIOUS_MOVE = YES;
				CLANG_WARN_UNGUARDED_AVAILABILITY = YES_AGGRESSIVE;
				CLANG_WARN_UNREACHABLE_CODE = YES;
				CLANG_WARN__DUPLICATE_METHOD_MATCH = YES;
				COPY_PHASE_STRIP = NO;
				DEAD_CODE_STRIPPING = YES;
				DEBUG_INFORMATION_FORMAT = dwarf;
				DEVELOPMENT_TEAM = LB52UWA223;
				ENABLE_STRICT_OBJC_MSGSEND = YES;
				ENABLE_TESTABILITY = YES;
				ENABLE_USER_SCRIPT_SANDBOXING = YES;
				GCC_C_LANGUAGE_STANDARD = gnu17;
				GCC_DYNAMIC_NO_PIC = NO;
				GCC_NO_COMMON_BLOCKS = YES;
				GCC_OPTIMIZATION_LEVEL = 0;
				GCC_PREPROCESSOR_DEFINITIONS = (
					"DEBUG=1",
					"$(inherited)",
				);
				GCC_WARN_64_TO_32_BIT_CONVERSION = YES;
				GCC_WARN_ABOUT_RETURN_TYPE = YES_ERROR;
				GCC_WARN_UNDECLARED_SELECTOR = YES;
				GCC_WARN_UNINITIALIZED_AUTOS = YES_AGGRESSIVE;
				GCC_WARN_UNUSED_FUNCTION = YES;
				GCC_WARN_UNUSED_VARIABLE = YES;
				LOCALIZATION_PREFERS_STRING_CATALOGS = YES;
				MACOSX_DEPLOYMENT_TARGET = 15.7;
				MTL_ENABLE_DEBUG_INFO = INCLUDE_SOURCE;
				MTL_FAST_MATH = YES;
				ONLY_ACTIVE_ARCH = YES;
				SDKROOT = macosx;
				STRING_CATALOG_GENERATE_SYMBOLS = YES;
				SWIFT_ACTIVE_COMPILATION_CONDITIONS = "DEBUG $(inherited)";
				SWIFT_EMIT_LOC_STRINGS = YES;
				SWIFT_OPTIMIZATION_LEVEL = "-Onone";
			};
			name = Debug;
		};
		9FF14F782F5D7D6D0025CED2 /* Release */ = {
			isa = XCBuildConfiguration;
			buildSettings = {
				ALWAYS_SEARCH_USER_PATHS = NO;
				ASSETCATALOG_COMPILER_GENERATE_SWIFT_ASSET_SYMBOL_EXTENSIONS = YES;
				CLANG_ANALYZER_LOCALIZABILITY_NONLOCALIZED = YES;
				CLANG_ANALYZER_NONNULL = YES;
				CLANG_ANALYZER_NUMBER_OBJECT_CONVERSION = YES_AGGRESSIVE;
				CLANG_CXX_LANGUAGE_STANDARD = "gnu++20";
				CLANG_ENABLE_MODULES = YES;
				CLANG_ENABLE_OBJC_ARC = YES;
				CLANG_ENABLE_OBJC_WEAK = YES;
				CLANG_WARN_BLOCK_CAPTURE_AUTORELEASING = YES;
				CLANG_WARN_BOOL_CONVERSION = YES;
				CLANG_WARN_COMMA = YES;
				CLANG_WARN_CONSTANT_CONVERSION = YES;
				CLANG_WARN_DEPRECATED_OBJC_IMPLEMENTATIONS = YES;
				CLANG_WARN_DIRECT_OBJC_ISA_USAGE = YES_ERROR;
				CLANG_WARN_DOCUMENTATION_COMMENTS = YES;
				CLANG_WARN_EMPTY_BODY = YES;
				CLANG_WARN_ENUM_CONVERSION = YES;
				CLANG_WARN_INFINITE_RECURSION = YES;
				CLANG_WARN_INT_CONVERSION = YES;
				CLANG_WARN_NON_LITERAL_NULL_CONVERSION = YES;
				CLANG_WARN_OBJC_IMPLICIT_RETAIN_SELF = YES;
				CLANG_WARN_OBJC_LITERAL_CONVERSION = YES;
				CLANG_WARN_OBJC_ROOT_CLASS = YES_ERROR;
				CLANG_WARN_QUOTED_INCLUDE_IN_FRAMEWORK_HEADER = YES;
				CLANG_WARN_RANGE_LOOP_ANALYSIS = YES;
				CLANG_WARN_STRICT_PROTOTYPES = YES;
				CLANG_WARN_SUSPICIOUS_MOVE = YES;
				CLANG_WARN_UNGUARDED_AVAILABILITY = YES_AGGRESSIVE;
				CLANG_WARN_UNREACHABLE_CODE = YES;
				CLANG_WARN__DUPLICATE_METHOD_MATCH = YES;
				COPY_PHASE_STRIP = NO;
				DEAD_CODE_STRIPPING = YES;
				DEBUG_INFORMATION_FORMAT = "dwarf-with-dsym";
				DEVELOPMENT_TEAM = LB52UWA223;
				ENABLE_NS_ASSERTIONS = NO;
				ENABLE_STRICT_OBJC_MSGSEND = YES;
				ENABLE_USER_SCRIPT_SANDBOXING = YES;
				GCC_C_LANGUAGE_STANDARD = gnu17;
				GCC_NO_COMMON_BLOCKS = YES;
				GCC_WARN_64_TO_32_BIT_CONVERSION = YES;
				GCC_WARN_ABOUT_RETURN_TYPE = YES_ERROR;
				GCC_WARN_UNDECLARED_SELECTOR = YES;
				GCC_WARN_UNINITIALIZED_AUTOS = YES_AGGRESSIVE;
				GCC_WARN_UNUSED_FUNCTION = YES;
				GCC_WARN_UNUSED_VARIABLE = YES;
				LOCALIZATION_PREFERS_STRING_CATALOGS = YES;
				MACOSX_DEPLOYMENT_TARGET = 15.7;
				MTL_ENABLE_DEBUG_INFO = NO;
				MTL_FAST_MATH = YES;
				SDKROOT = macosx;
				STRING_CATALOG_GENERATE_SYMBOLS = YES;
				SWIFT_COMPILATION_MODE = wholemodule;
				SWIFT_EMIT_LOC_STRINGS = YES;
			};
			name = Release;
		};
		9FF14F7A2F5D7D6D0025CED2 /* Debug */ = {
			isa = XCBuildConfiguration;
			buildSettings = {
				ASSETCATALOG_COMPILER_APPICON_NAME = AppIcon;
				ASSETCATALOG_COMPILER_GLOBAL_ACCENT_COLOR_NAME = AccentColor;
				ASSETCATALOG_COMPILER_INCLUDE_ALL_APPICON_ASSETS = YES;
				AUTOMATION_APPLE_EVENTS = NO;
				CODE_SIGN_IDENTITY = "Apple Development";
				"CODE_SIGN_IDENTITY[sdk=macosx*]" = "Apple Development";
				CODE_SIGN_STYLE = Automatic;
				COMBINE_HIDPI_IMAGES = YES;
				CURRENT_PROJECT_VERSION = 2;
				DEAD_CODE_STRIPPING = YES;
				DEVELOPMENT_TEAM = 768QBKMWKW;
				ENABLE_APP_SANDBOX = NO;
				ENABLE_HARDENED_RUNTIME = YES;
				ENABLE_PREVIEWS = YES;
				ENABLE_RESOURCE_ACCESS_AUDIO_INPUT = NO;
				ENABLE_RESOURCE_ACCESS_CALENDARS = NO;
				ENABLE_RESOURCE_ACCESS_CAMERA = NO;
				ENABLE_RESOURCE_ACCESS_CONTACTS = NO;
				ENABLE_RESOURCE_ACCESS_LOCATION = YES;
				ENABLE_RESOURCE_ACCESS_PHOTO_LIBRARY = NO;
				GENERATE_INFOPLIST_FILE = YES;
				INFOPLIST_KEY_LSApplicationCategoryType = "public.app-category.developer-tools";
				INFOPLIST_KEY_NSHumanReadableCopyright = "";
				INFOPLIST_KEY_NSLocationWhenInUseUsageDescription = "Teleport uses your current location to center the map when the app launches.";
				LD_RUNPATH_SEARCH_PATHS = (
					"$(inherited)",
					"@executable_path/../Frameworks",
				);
				MACOSX_DEPLOYMENT_TARGET = 14.0;
				MARKETING_VERSION = 0.4.1;
				PRODUCT_BUNDLE_IDENTIFIER = com.samuelhe.Teleport;
				PRODUCT_NAME = "$(TARGET_NAME)";
				PROVISIONING_PROFILE_SPECIFIER = "";
				REGISTER_APP_GROUPS = YES;
				RUNTIME_EXCEPTION_ALLOW_DYLD_ENVIRONMENT_VARIABLES = NO;
				RUNTIME_EXCEPTION_ALLOW_JIT = NO;
				RUNTIME_EXCEPTION_ALLOW_UNSIGNED_EXECUTABLE_MEMORY = NO;
				RUNTIME_EXCEPTION_DEBUGGING_TOOL = NO;
				RUNTIME_EXCEPTION_DISABLE_EXECUTABLE_PAGE_PROTECTION = NO;
				RUNTIME_EXCEPTION_DISABLE_LIBRARY_VALIDATION = NO;
				STRING_CATALOG_GENERATE_SYMBOLS = YES;
				SWIFT_APPROACHABLE_CONCURRENCY = YES;
				SWIFT_DEFAULT_ACTOR_ISOLATION = nonisolated;
				SWIFT_EMIT_LOC_STRINGS = YES;
				SWIFT_UPCOMING_FEATURE_MEMBER_IMPORT_VISIBILITY = YES;
				SWIFT_VERSION = 6.0;
			};
			name = Debug;
		};
		9FF14F7B2F5D7D6D0025CED2 /* Release */ = {
			isa = XCBuildConfiguration;
			buildSettings = {
				ASSETCATALOG_COMPILER_APPICON_NAME = AppIcon;
				ASSETCATALOG_COMPILER_GLOBAL_ACCENT_COLOR_NAME = AccentColor;
				ASSETCATALOG_COMPILER_INCLUDE_ALL_APPICON_ASSETS = YES;
				AUTOMATION_APPLE_EVENTS = NO;
				CODE_SIGN_IDENTITY = "Apple Development";
				"CODE_SIGN_IDENTITY[sdk=macosx*]" = "Apple Development";
				CODE_SIGN_STYLE = Automatic;
				COMBINE_HIDPI_IMAGES = YES;
				CURRENT_PROJECT_VERSION = 2;
				DEAD_CODE_STRIPPING = YES;
				DEVELOPMENT_TEAM = 768QBKMWKW;
				ENABLE_APP_SANDBOX = NO;
				ENABLE_HARDENED_RUNTIME = YES;
				ENABLE_PREVIEWS = YES;
				ENABLE_RESOURCE_ACCESS_AUDIO_INPUT = NO;
				ENABLE_RESOURCE_ACCESS_CALENDARS = NO;
				ENABLE_RESOURCE_ACCESS_CAMERA = NO;
				ENABLE_RESOURCE_ACCESS_CONTACTS = NO;
				ENABLE_RESOURCE_ACCESS_LOCATION = YES;
				ENABLE_RESOURCE_ACCESS_PHOTO_LIBRARY = NO;
				GENERATE_INFOPLIST_FILE = YES;
				INFOPLIST_KEY_LSApplicationCategoryType = "public.app-category.developer-tools";
				INFOPLIST_KEY_NSHumanReadableCopyright = "";
				INFOPLIST_KEY_NSLocationWhenInUseUsageDescription = "Teleport uses your current location to center the map when the app launches.";
				LD_RUNPATH_SEARCH_PATHS = (
					"$(inherited)",
					"@executable_path/../Frameworks",
				);
				MACOSX_DEPLOYMENT_TARGET = 14.0;
				MARKETING_VERSION = 0.4.1;
				PRODUCT_BUNDLE_IDENTIFIER = com.samuelhe.Teleport;
				PRODUCT_NAME = "$(TARGET_NAME)";
				PROVISIONING_PROFILE_SPECIFIER = "";
				REGISTER_APP_GROUPS = YES;
				RUNTIME_EXCEPTION_ALLOW_DYLD_ENVIRONMENT_VARIABLES = NO;
				RUNTIME_EXCEPTION_ALLOW_JIT = NO;
				RUNTIME_EXCEPTION_ALLOW_UNSIGNED_EXECUTABLE_MEMORY = NO;
				RUNTIME_EXCEPTION_DEBUGGING_TOOL = NO;
				RUNTIME_EXCEPTION_DISABLE_EXECUTABLE_PAGE_PROTECTION = NO;
				RUNTIME_EXCEPTION_DISABLE_LIBRARY_VALIDATION = NO;
				STRING_CATALOG_GENERATE_SYMBOLS = YES;
				SWIFT_APPROACHABLE_CONCURRENCY = YES;
				SWIFT_DEFAULT_ACTOR_ISOLATION = nonisolated;
				SWIFT_EMIT_LOC_STRINGS = YES;
				SWIFT_UPCOMING_FEATURE_MEMBER_IMPORT_VISIBILITY = YES;
				SWIFT_VERSION = 6.0;
			};
			name = Release;
		};
/* End XCBuildConfiguration section */

/* Begin XCConfigurationList section */
		9FF14F692F5D7D6C0025CED2 /* Build configuration list for PBXProject "Teleport" */ = {
			isa = XCConfigurationList;
			buildConfigurations = (
				9FF14F772F5D7D6D0025CED2 /* Debug */,
				9FF14F782F5D7D6D0025CED2 /* Release */,
			);
			defaultConfigurationIsVisible = 0;
			defaultConfigurationName = Release;
		};
		9FF14F792F5D7D6D0025CED2 /* Build configuration list for PBXNativeTarget "Teleport" */ = {
			isa = XCConfigurationList;
			buildConfigurations = (
				9FF14F7A2F5D7D6D0025CED2 /* Debug */,
				9FF14F7B2F5D7D6D0025CED2 /* Release */,
			);
			defaultConfigurationIsVisible = 0;
			defaultConfigurationName = Release;
		};
/* End XCConfigurationList section */
	};
	rootObject = 9FF14F662F5D7D6C0025CED2 /* Project object */;
}
